
Microsoft Visual Studio Solution File, Format Version 10.00
# Visual Studio 2008
Project("{8BC9CEB8-8B4A-11D0-8D11-00A0C91BC942}") = "TwitchRDC", "TwitchRDC.vcproj", "{E67B3101-3701-465D-A5F2-6E1FFDAB385D}"
EndProject
Global
	GlobalSection(SolutionConfigurationPlatforms) = preSolution
		Debug|Win32 = Debug|Win32
		Release|Win32 = Release|Win32
	EndGlobalSection
	GlobalSection(ProjectConfigurationPlatforms) = postSolution
		{E67B3101-3701-465D-A5F2-6E1FFDAB385D}.Debug|Win32.ActiveCfg = Debug|Win32
		{E67B3101-3701-465D-A5F2-6E1FFDAB385D}.Debug|Win32.Build.0 = Debug|Win32
		{E67B3101-3701-465D-A5F2-6E1FFDAB385D}.Release|Win32.ActiveCfg = Release|Win32
		{E67B3101-3701-465D-A5F2-6E1FFDAB385D}.Release|Win32.Build.0 = Release|Win32
	EndGlobalSection
	GlobalSection(SolutionProperties) = preSolution
		HideSolutionNode = FALSE
	EndGlobalSection
EndGlobal
